
Microsoft Visual Studio Solution File, Format Version 12.00
# Visual Studio Version 17
VisualStudioVersion = 17.10.35827.194
MinimumVisualStudioVersion = 10.0.40219.1
Project("{2150E333-8FDC-42A3-9474-1A3956D46DE8}") = "Src", "Src", "{87DB5655-BA8C-42C1-AE5E-D0DA119DD39F}"
EndProject
Project("{2150E333-8FDC-42A3-9474-1A3956D46DE8}") = "Test", "Test", "{10FABB64-D03C-48F3-B346-FE516A65C013}"
EndProject
Project("{9A19103F-16F7-4668-BE54-9A1E7A4F7556}") = "Accounting", "Src\Accounting\Accounting.csproj", "{2FC3618E-DB54-4336-A6B0-1659A448EADB}"
EndProject
Project("{9A19103F-16F7-4668-BE54-9A1E7A4F7556}") = "API", "Src\API\API.csproj", "{C315537A-A0A4-433D-9802-D1DFA25AF6D0}"
EndProject
Project("{9A19103F-16F7-4668-BE54-9A1E7A4F7556}") = "Common", "Src\Common\Common.csproj", "{92F397EC-03D4-4203-87F7-F5A2CB5FA5DA}"
EndProject
Project("{9A19103F-16F7-4668-BE54-9A1E7A4F7556}") = "Payroll", "Src\Payroll\Payroll.csproj", "{73E036BB-D09B-411E-B253-A782F937F9B4}"
EndProject
Project("{9A19103F-16F7-4668-BE54-9A1E7A4F7556}") = "General", "Src\General\General.csproj", "{DEFBE014-AF77-45BA-84EA-0DEDC2F274F5}"
EndProject
Project("{9A19103F-16F7-4668-BE54-9A1E7A4F7556}") = "Share", "Src\Share\Share.csproj", "{1C97298C-0DDE-4766-9D94-BB2FDFAF2A41}"
EndProject
Project("{9A19103F-16F7-4668-BE54-9A1E7A4F7556}") = "Treasury", "Src\Treasury\Treasury.csproj", "{CD9BB921-ADBE-464C-AB3C-B0026A6D96E9}"
EndProject
Project("{9A19103F-16F7-4668-BE54-9A1E7A4F7556}") = "Warehouse", "Src\Warehouse\Warehouse.csproj", "{B1A6C761-80FA-4EAF-AA0A-418C3BE1EB62}"
EndProject
Project("{2150E333-8FDC-42A3-9474-1A3956D46DE8}") = "EndToEndTests", "EndToEndTests", "{23AF2A53-5161-43D3-A81E-63B331C25AD5}"
	ProjectSection(SolutionItems) = preProject
		Test\EndToEndTests\README.md = Test\EndToEndTests\README.md
	EndProjectSection
EndProject
Project("{2150E333-8FDC-42A3-9474-1A3956D46DE8}") = "IntegrationTests", "IntegrationTests", "{6714B168-A78A-47CC-B31B-7AE1E6FD0826}"
	ProjectSection(SolutionItems) = preProject
		Test\IntegrationTests\README.md = Test\IntegrationTests\README.md
	EndProjectSection
EndProject
Global
	GlobalSection(SolutionConfigurationPlatforms) = preSolution
		Debug|Any CPU = Debug|Any CPU
		Release|Any CPU = Release|Any CPU
	EndGlobalSection
	GlobalSection(ProjectConfigurationPlatforms) = postSolution
		{2FC3618E-DB54-4336-A6B0-1659A448EADB}.Debug|Any CPU.ActiveCfg = Debug|Any CPU
		{2FC3618E-DB54-4336-A6B0-1659A448EADB}.Debug|Any CPU.Build.0 = Debug|Any CPU
		{2FC3618E-DB54-4336-A6B0-1659A448EADB}.Release|Any CPU.ActiveCfg = Release|Any CPU
		{2FC3618E-DB54-4336-A6B0-1659A448EADB}.Release|Any CPU.Build.0 = Release|Any CPU
		{C315537A-A0A4-433D-9802-D1DFA25AF6D0}.Debug|Any CPU.ActiveCfg = Debug|Any CPU
		{C315537A-A0A4-433D-9802-D1DFA25AF6D0}.Debug|Any CPU.Build.0 = Debug|Any CPU
		{C315537A-A0A4-433D-9802-D1DFA25AF6D0}.Release|Any CPU.ActiveCfg = Release|Any CPU
		{C315537A-A0A4-433D-9802-D1DFA25AF6D0}.Release|Any CPU.Build.0 = Release|Any CPU
		{92F397EC-03D4-4203-87F7-F5A2CB5FA5DA}.Debug|Any CPU.ActiveCfg = Debug|Any CPU
		{92F397EC-03D4-4203-87F7-F5A2CB5FA5DA}.Debug|Any CPU.Build.0 = Debug|Any CPU
		{92F397EC-03D4-4203-87F7-F5A2CB5FA5DA}.Release|Any CPU.ActiveCfg = Release|Any CPU
		{92F397EC-03D4-4203-87F7-F5A2CB5FA5DA}.Release|Any CPU.Build.0 = Release|Any CPU
		{73E036BB-D09B-411E-B253-A782F937F9B4}.Debug|Any CPU.ActiveCfg = Debug|Any CPU
		{73E036BB-D09B-411E-B253-A782F937F9B4}.Debug|Any CPU.Build.0 = Debug|Any CPU
		{73E036BB-D09B-411E-B253-A782F937F9B4}.Release|Any CPU.ActiveCfg = Release|Any CPU
		{73E036BB-D09B-411E-B253-A782F937F9B4}.Release|Any CPU.Build.0 = Release|Any CPU
		{DEFBE014-AF77-45BA-84EA-0DEDC2F274F5}.Debug|Any CPU.ActiveCfg = Debug|Any CPU
		{DEFBE014-AF77-45BA-84EA-0DEDC2F274F5}.Debug|Any CPU.Build.0 = Debug|Any CPU
		{DEFBE014-AF77-45BA-84EA-0DEDC2F274F5}.Release|Any CPU.ActiveCfg = Release|Any CPU
		{DEFBE014-AF77-45BA-84EA-0DEDC2F274F5}.Release|Any CPU.Build.0 = Release|Any CPU
		{1C97298C-0DDE-4766-9D94-BB2FDFAF2A41}.Debug|Any CPU.ActiveCfg = Debug|Any CPU
		{1C97298C-0DDE-4766-9D94-BB2FDFAF2A41}.Debug|Any CPU.Build.0 = Debug|Any CPU
		{1C97298C-0DDE-4766-9D94-BB2FDFAF2A41}.Release|Any CPU.ActiveCfg = Release|Any CPU
		{1C97298C-0DDE-4766-9D94-BB2FDFAF2A41}.Release|Any CPU.Build.0 = Release|Any CPU
		{CD9BB921-ADBE-464C-AB3C-B0026A6D96E9}.Debug|Any CPU.ActiveCfg = Debug|Any CPU
		{CD9BB921-ADBE-464C-AB3C-B0026A6D96E9}.Debug|Any CPU.Build.0 = Debug|Any CPU
		{CD9BB921-ADBE-464C-AB3C-B0026A6D96E9}.Release|Any CPU.ActiveCfg = Release|Any CPU
		{CD9BB921-ADBE-464C-AB3C-B0026A6D96E9}.Release|Any CPU.Build.0 = Release|Any CPU
		{B1A6C761-80FA-4EAF-AA0A-418C3BE1EB62}.Debug|Any CPU.ActiveCfg = Debug|Any CPU
		{B1A6C761-80FA-4EAF-AA0A-418C3BE1EB62}.Debug|Any CPU.Build.0 = Debug|Any CPU
		{B1A6C761-80FA-4EAF-AA0A-418C3BE1EB62}.Release|Any CPU.ActiveCfg = Release|Any CPU
		{B1A6C761-80FA-4EAF-AA0A-418C3BE1EB62}.Release|Any CPU.Build.0 = Release|Any CPU
	EndGlobalSection
	GlobalSection(SolutionProperties) = preSolution
		HideSolutionNode = FALSE
	EndGlobalSection
	GlobalSection(NestedProjects) = preSolution
		{2FC3618E-DB54-4336-A6B0-1659A448EADB} = {87DB5655-BA8C-42C1-AE5E-D0DA119DD39F}
		{C315537A-A0A4-433D-9802-D1DFA25AF6D0} = {87DB5655-BA8C-42C1-AE5E-D0DA119DD39F}
		{92F397EC-03D4-4203-87F7-F5A2CB5FA5DA} = {87DB5655-BA8C-42C1-AE5E-D0DA119DD39F}
		{73E036BB-D09B-411E-B253-A782F937F9B4} = {87DB5655-BA8C-42C1-AE5E-D0DA119DD39F}
		{DEFBE014-AF77-45BA-84EA-0DEDC2F274F5} = {87DB5655-BA8C-42C1-AE5E-D0DA119DD39F}
		{1C97298C-0DDE-4766-9D94-BB2FDFAF2A41} = {87DB5655-BA8C-42C1-AE5E-D0DA119DD39F}
		{CD9BB921-ADBE-464C-AB3C-B0026A6D96E9} = {87DB5655-BA8C-42C1-AE5E-D0DA119DD39F}
		{B1A6C761-80FA-4EAF-AA0A-418C3BE1EB62} = {87DB5655-BA8C-42C1-AE5E-D0DA119DD39F}
		{23AF2A53-5161-43D3-A81E-63B331C25AD5} = {10FABB64-D03C-48F3-B346-FE516A65C013}
		{6714B168-A78A-47CC-B31B-7AE1E6FD0826} = {10FABB64-D03C-48F3-B346-FE516A65C013}
	EndGlobalSection
	GlobalSection(ExtensibilityGlobals) = postSolution
		SolutionGuid = {AD08F26D-DEEA-4DF8-89F2-7D46444A79BC}
	EndGlobalSection
EndGlobal
