
Microsoft Visual Studio Solution File, Format Version 12.00
# Visual Studio Version 18
VisualStudioVersion = 18.1.11312.151
MinimumVisualStudioVersion = 10.0.40219.1
Project("{2150E333-8FDC-42A3-9474-1A3956D46DE8}") = "src", "src", "{00293A27-E0AC-4B6C-BA00-1975D2915C60}"
EndProject
Project("{2150E333-8FDC-42A3-9474-1A3956D46DE8}") = "Test", "Test", "{4815CE07-CED6-4D84-945A-765FD40D4B70}"
EndProject
Project("{2150E333-8FDC-42A3-9474-1A3956D46DE8}") = "EndToEndTests", "EndToEndTests", "{1457624E-4F7D-4210-9C4D-B70BC19E194C}"
EndProject
Project("{2150E333-8FDC-42A3-9474-1A3956D46DE8}") = "IntegrationTests", "IntegrationTests", "{100580B9-E265-47CB-B3DA-4A0DB3A7C136}"
EndProject
Project("{2150E333-8FDC-42A3-9474-1A3956D46DE8}") = "GeneralModule", "GeneralModule", "{C9D6E282-5A34-4CC4-B8E3-7E59CCEB696C}"
EndProject
Project("{9A19103F-16F7-4668-BE54-9A1E7A4F7556}") = "NGErp.API", "Src\API\API\NGErp.API.csproj", "{4E3574E3-62B2-42CF-B9D0-7D5A8F48C1AB}"
EndProject
Project("{2150E333-8FDC-42A3-9474-1A3956D46DE8}") = "BaseModule", "BaseModule", "{46757AAA-6EB2-413C-AC09-5FB2C4E1E239}"
EndProject
Project("{FAE04EC0-301F-11D3-BF4B-00C04F79EFBC}") = "NGErp.Base.Service", "Src\BaseModule\Base.Service\NGErp.Base.Service.csproj", "{C75898FA-7480-475F-8BA2-9AD2966B540A}"
EndProject
Project("{FAE04EC0-301F-11D3-BF4B-00C04F79EFBC}") = "NGErp.Base.Domain", "Src\BaseModule\Base.Domain\NGErp.Base.Domain.csproj", "{788548EE-2A25-484E-BCD4-62E4E0294476}"
EndProject
Project("{FAE04EC0-301F-11D3-BF4B-00C04F79EFBC}") = "NGErp.Base.Infrastructure", "Src\BaseModule\Base.Infrastructure\NGErp.Base.Infrastructure.csproj", "{51F25C54-EB1B-4C43-9B25-35E9B89F495B}"
EndProject
Project("{FAE04EC0-301F-11D3-BF4B-00C04F79EFBC}") = "NGErp.Base.API", "Src\BaseModule\Base.API\NGErp.Base.API.csproj", "{56C1C57C-A20E-428C-BAB1-EE987F8C8012}"
EndProject
Project("{FAE04EC0-301F-11D3-BF4B-00C04F79EFBC}") = "NGErp.General.API", "Src\GeneralModule\General.API\NGErp.General.API.csproj", "{71728620-D27E-4D0B-9712-97DDF54FF172}"
EndProject
Project("{FAE04EC0-301F-11D3-BF4B-00C04F79EFBC}") = "NGErp.General.Domain", "Src\GeneralModule\General.Domain\NGErp.General.Domain.csproj", "{3B991EA3-9F82-47BB-BD68-F09194147969}"
EndProject
Project("{FAE04EC0-301F-11D3-BF4B-00C04F79EFBC}") = "NGErp.General.Infrastructure", "Src\GeneralModule\General.Infrastructure\NGErp.General.Infrastructure.csproj", "{F353BF1F-3F1B-47F2-9781-7CEBDF11B925}"
EndProject
Project("{FAE04EC0-301F-11D3-BF4B-00C04F79EFBC}") = "NGErp.General.Service", "Src\GeneralModule\General.Service\NGErp.General.Service.csproj", "{9E0BEB72-C727-4189-B1D5-5C95AECBB785}"
EndProject
Project("{FAE04EC0-301F-11D3-BF4B-00C04F79EFBC}") = "NGErp.PythonIntegration.Tests", "Src\IntegrationTests\PythonIntegration.Tests\NGErp.PythonIntegration.Tests.csproj", "{76429A57-FAB3-ABA1-D507-C1BAEFF98813}"
EndProject
Project("{2150E333-8FDC-42A3-9474-1A3956D46DE8}") = "HCMModule", "HCMModule", "{02EA681E-C7D8-13C7-8484-4AC65E1B71E8}"
EndProject
Project("{FAE04EC0-301F-11D3-BF4B-00C04F79EFBC}") = "NGErp.HCM.API", "Src\HCMModule\HCM.API\HCM.API\NGErp.HCM.API.csproj", "{659F857D-963E-4157-9146-52C8670F40A4}"
EndProject
Project("{FAE04EC0-301F-11D3-BF4B-00C04F79EFBC}") = "NGErp.HCM.Domain", "Src\HCMModule\HCM.Domain\HCM.Domain\NGErp.HCM.Domain.csproj", "{A2F84CF0-1BB0-4B3B-AB93-2CFDB336B48A}"
EndProject
Project("{FAE04EC0-301F-11D3-BF4B-00C04F79EFBC}") = "NGErp.HCM.Infrastructure", "Src\HCMModule\HCM.Infrastructure\HCM.Infrastructure\NGErp.HCM.Infrastructure.csproj", "{16874B42-E847-467B-8D8E-5D586FD34435}"
EndProject
Project("{FAE04EC0-301F-11D3-BF4B-00C04F79EFBC}") = "NGErp.HCM.Service", "Src\HCMModule\HCM.Service\HCM.Service\NGErp.HCM.Service.csproj", "{CB49952B-A068-4198-A0D2-347574D17504}"
EndProject
Project("{2150E333-8FDC-42A3-9474-1A3956D46DE8}") = "WarehouseModule", "WarehouseModule", "{5E08A633-874E-43D6-B595-CE94A22BEBF5}"
EndProject
Project("{FAE04EC0-301F-11D3-BF4B-00C04F79EFBC}") = "NGErp.Warehouse.API", "Src\WarehouseModule\Warehouse.API\NGErp.Warehouse.API.csproj", "{511B1C7B-51BA-D863-BD0B-A04043C3E6D6}"
EndProject
Project("{FAE04EC0-301F-11D3-BF4B-00C04F79EFBC}") = "NGErp.Warehouse.Domain", "Src\WarehouseModule\Warehouse.Domain\NGErp.Warehouse.Domain.csproj", "{28764E1D-AD9D-C94D-AFF4-CD0AB7930F1D}"
EndProject
Project("{FAE04EC0-301F-11D3-BF4B-00C04F79EFBC}") = "NGErp.Warehouse.Infrastructure", "Src\WarehouseModule\Warehouse.Infrastructure\NGErp.Warehouse.Infrastructure.csproj", "{91E52969-3DBD-8EDD-8FCD-AA2608FDC081}"
EndProject
Project("{FAE04EC0-301F-11D3-BF4B-00C04F79EFBC}") = "NGErp.Warehouse.Service", "Src\WarehouseModule\Warehouse.Service\NGErp.Warehouse.Service.csproj", "{47F7170C-E578-4726-32A9-364127DC37D4}"
EndProject
Project("{FAE04EC0-301F-11D3-BF4B-00C04F79EFBC}") = "NGErp.Accounting.API", "Src\AccountingModule\NGErp.Accounting.API\NGErp.Accounting.API.csproj", "{23FFB44C-EEAC-46D7-866A-8101666E05BF}"
EndProject
Project("{2150E333-8FDC-42A3-9474-1A3956D46DE8}") = "AccountingModule", "AccountingModule", "{4D8C4F34-2361-490E-AC3F-EFA8AED667E0}"
EndProject
Project("{FAE04EC0-301F-11D3-BF4B-00C04F79EFBC}") = "NGErp.Accounting.Domain", "Src\AccountingModule\NGErp.Accounting.Domain\NGErp.Accounting.Domain.csproj", "{216CC5B0-63B0-49EC-B80C-4DCD6934DBE5}"
EndProject
Project("{FAE04EC0-301F-11D3-BF4B-00C04F79EFBC}") = "NGErp.Accounting.Infrastructure", "Src\AccountingModule\NGErp.Accounting.Infrastructure\NGErp.Accounting.Infrastructure.csproj", "{CAAB4C63-47CF-43C4-9EE7-3E532B60431D}"
EndProject
Project("{FAE04EC0-301F-11D3-BF4B-00C04F79EFBC}") = "NGErp.Accounting.Service", "Src\AccountingModule\NGErp.Accounting.Service\NGErp.Accounting.Service.csproj", "{FCECBA27-3A52-421C-93CF-81EC654CEAAF}"
EndProject
Global
	GlobalSection(SolutionConfigurationPlatforms) = preSolution
		Debug|Any CPU = Debug|Any CPU
		Release|Any CPU = Release|Any CPU
	EndGlobalSection
	GlobalSection(ProjectConfigurationPlatforms) = postSolution
		{4E3574E3-62B2-42CF-B9D0-7D5A8F48C1AB}.Debug|Any CPU.ActiveCfg = Debug|Any CPU
		{4E3574E3-62B2-42CF-B9D0-7D5A8F48C1AB}.Debug|Any CPU.Build.0 = Debug|Any CPU
		{4E3574E3-62B2-42CF-B9D0-7D5A8F48C1AB}.Release|Any CPU.ActiveCfg = Release|Any CPU
		{4E3574E3-62B2-42CF-B9D0-7D5A8F48C1AB}.Release|Any CPU.Build.0 = Release|Any CPU
		{C75898FA-7480-475F-8BA2-9AD2966B540A}.Debug|Any CPU.ActiveCfg = Debug|Any CPU
		{C75898FA-7480-475F-8BA2-9AD2966B540A}.Debug|Any CPU.Build.0 = Debug|Any CPU
		{C75898FA-7480-475F-8BA2-9AD2966B540A}.Release|Any CPU.ActiveCfg = Release|Any CPU
		{C75898FA-7480-475F-8BA2-9AD2966B540A}.Release|Any CPU.Build.0 = Release|Any CPU
		{788548EE-2A25-484E-BCD4-62E4E0294476}.Debug|Any CPU.ActiveCfg = Debug|Any CPU
		{788548EE-2A25-484E-BCD4-62E4E0294476}.Debug|Any CPU.Build.0 = Debug|Any CPU
		{788548EE-2A25-484E-BCD4-62E4E0294476}.Release|Any CPU.ActiveCfg = Release|Any CPU
		{788548EE-2A25-484E-BCD4-62E4E0294476}.Release|Any CPU.Build.0 = Release|Any CPU
		{51F25C54-EB1B-4C43-9B25-35E9B89F495B}.Debug|Any CPU.ActiveCfg = Debug|Any CPU
		{51F25C54-EB1B-4C43-9B25-35E9B89F495B}.Debug|Any CPU.Build.0 = Debug|Any CPU
		{51F25C54-EB1B-4C43-9B25-35E9B89F495B}.Release|Any CPU.ActiveCfg = Release|Any CPU
		{51F25C54-EB1B-4C43-9B25-35E9B89F495B}.Release|Any CPU.Build.0 = Release|Any CPU
		{56C1C57C-A20E-428C-BAB1-EE987F8C8012}.Debug|Any CPU.ActiveCfg = Debug|Any CPU
		{56C1C57C-A20E-428C-BAB1-EE987F8C8012}.Debug|Any CPU.Build.0 = Debug|Any CPU
		{56C1C57C-A20E-428C-BAB1-EE987F8C8012}.Release|Any CPU.ActiveCfg = Release|Any CPU
		{56C1C57C-A20E-428C-BAB1-EE987F8C8012}.Release|Any CPU.Build.0 = Release|Any CPU
		{71728620-D27E-4D0B-9712-97DDF54FF172}.Debug|Any CPU.ActiveCfg = Debug|Any CPU
		{71728620-D27E-4D0B-9712-97DDF54FF172}.Debug|Any CPU.Build.0 = Debug|Any CPU
		{71728620-D27E-4D0B-9712-97DDF54FF172}.Release|Any CPU.ActiveCfg = Release|Any CPU
		{71728620-D27E-4D0B-9712-97DDF54FF172}.Release|Any CPU.Build.0 = Release|Any CPU
		{3B991EA3-9F82-47BB-BD68-F09194147969}.Debug|Any CPU.ActiveCfg = Debug|Any CPU
		{3B991EA3-9F82-47BB-BD68-F09194147969}.Debug|Any CPU.Build.0 = Debug|Any CPU
		{3B991EA3-9F82-47BB-BD68-F09194147969}.Release|Any CPU.ActiveCfg = Release|Any CPU
		{3B991EA3-9F82-47BB-BD68-F09194147969}.Release|Any CPU.Build.0 = Release|Any CPU
		{F353BF1F-3F1B-47F2-9781-7CEBDF11B925}.Debug|Any CPU.ActiveCfg = Debug|Any CPU
		{F353BF1F-3F1B-47F2-9781-7CEBDF11B925}.Debug|Any CPU.Build.0 = Debug|Any CPU
		{F353BF1F-3F1B-47F2-9781-7CEBDF11B925}.Release|Any CPU.ActiveCfg = Release|Any CPU
		{F353BF1F-3F1B-47F2-9781-7CEBDF11B925}.Release|Any CPU.Build.0 = Release|Any CPU
		{9E0BEB72-C727-4189-B1D5-5C95AECBB785}.Debug|Any CPU.ActiveCfg = Debug|Any CPU
		{9E0BEB72-C727-4189-B1D5-5C95AECBB785}.Debug|Any CPU.Build.0 = Debug|Any CPU
		{9E0BEB72-C727-4189-B1D5-5C95AECBB785}.Release|Any CPU.ActiveCfg = Release|Any CPU
		{9E0BEB72-C727-4189-B1D5-5C95AECBB785}.Release|Any CPU.Build.0 = Release|Any CPU
		{76429A57-FAB3-ABA1-D507-C1BAEFF98813}.Debug|Any CPU.ActiveCfg = Debug|Any CPU
		{76429A57-FAB3-ABA1-D507-C1BAEFF98813}.Debug|Any CPU.Build.0 = Debug|Any CPU
		{76429A57-FAB3-ABA1-D507-C1BAEFF98813}.Release|Any CPU.ActiveCfg = Release|Any CPU
		{76429A57-FAB3-ABA1-D507-C1BAEFF98813}.Release|Any CPU.Build.0 = Release|Any CPU
		{659F857D-963E-4157-9146-52C8670F40A4}.Debug|Any CPU.ActiveCfg = Debug|Any CPU
		{659F857D-963E-4157-9146-52C8670F40A4}.Debug|Any CPU.Build.0 = Debug|Any CPU
		{659F857D-963E-4157-9146-52C8670F40A4}.Release|Any CPU.ActiveCfg = Release|Any CPU
		{659F857D-963E-4157-9146-52C8670F40A4}.Release|Any CPU.Build.0 = Release|Any CPU
		{A2F84CF0-1BB0-4B3B-AB93-2CFDB336B48A}.Debug|Any CPU.ActiveCfg = Debug|Any CPU
		{A2F84CF0-1BB0-4B3B-AB93-2CFDB336B48A}.Debug|Any CPU.Build.0 = Debug|Any CPU
		{A2F84CF0-1BB0-4B3B-AB93-2CFDB336B48A}.Release|Any CPU.ActiveCfg = Release|Any CPU
		{A2F84CF0-1BB0-4B3B-AB93-2CFDB336B48A}.Release|Any CPU.Build.0 = Release|Any CPU
		{16874B42-E847-467B-8D8E-5D586FD34435}.Debug|Any CPU.ActiveCfg = Debug|Any CPU
		{16874B42-E847-467B-8D8E-5D586FD34435}.Debug|Any CPU.Build.0 = Debug|Any CPU
		{16874B42-E847-467B-8D8E-5D586FD34435}.Release|Any CPU.ActiveCfg = Release|Any CPU
		{16874B42-E847-467B-8D8E-5D586FD34435}.Release|Any CPU.Build.0 = Release|Any CPU
		{CB49952B-A068-4198-A0D2-347574D17504}.Debug|Any CPU.ActiveCfg = Debug|Any CPU
		{CB49952B-A068-4198-A0D2-347574D17504}.Debug|Any CPU.Build.0 = Debug|Any CPU
		{CB49952B-A068-4198-A0D2-347574D17504}.Release|Any CPU.ActiveCfg = Release|Any CPU
		{CB49952B-A068-4198-A0D2-347574D17504}.Release|Any CPU.Build.0 = Release|Any CPU
		{511B1C7B-51BA-D863-BD0B-A04043C3E6D6}.Debug|Any CPU.ActiveCfg = Debug|Any CPU
		{511B1C7B-51BA-D863-BD0B-A04043C3E6D6}.Debug|Any CPU.Build.0 = Debug|Any CPU
		{511B1C7B-51BA-D863-BD0B-A04043C3E6D6}.Release|Any CPU.ActiveCfg = Release|Any CPU
		{511B1C7B-51BA-D863-BD0B-A04043C3E6D6}.Release|Any CPU.Build.0 = Release|Any CPU
		{28764E1D-AD9D-C94D-AFF4-CD0AB7930F1D}.Debug|Any CPU.ActiveCfg = Debug|Any CPU
		{28764E1D-AD9D-C94D-AFF4-CD0AB7930F1D}.Debug|Any CPU.Build.0 = Debug|Any CPU
		{28764E1D-AD9D-C94D-AFF4-CD0AB7930F1D}.Release|Any CPU.ActiveCfg = Release|Any CPU
		{28764E1D-AD9D-C94D-AFF4-CD0AB7930F1D}.Release|Any CPU.Build.0 = Release|Any CPU
		{91E52969-3DBD-8EDD-8FCD-AA2608FDC081}.Debug|Any CPU.ActiveCfg = Debug|Any CPU
		{91E52969-3DBD-8EDD-8FCD-AA2608FDC081}.Debug|Any CPU.Build.0 = Debug|Any CPU
		{91E52969-3DBD-8EDD-8FCD-AA2608FDC081}.Release|Any CPU.ActiveCfg = Release|Any CPU
		{91E52969-3DBD-8EDD-8FCD-AA2608FDC081}.Release|Any CPU.Build.0 = Release|Any CPU
		{47F7170C-E578-4726-32A9-364127DC37D4}.Debug|Any CPU.ActiveCfg = Debug|Any CPU
		{47F7170C-E578-4726-32A9-364127DC37D4}.Debug|Any CPU.Build.0 = Debug|Any CPU
		{47F7170C-E578-4726-32A9-364127DC37D4}.Release|Any CPU.ActiveCfg = Release|Any CPU
		{47F7170C-E578-4726-32A9-364127DC37D4}.Release|Any CPU.Build.0 = Release|Any CPU
		{23FFB44C-EEAC-46D7-866A-8101666E05BF}.Debug|Any CPU.ActiveCfg = Debug|Any CPU
		{23FFB44C-EEAC-46D7-866A-8101666E05BF}.Debug|Any CPU.Build.0 = Debug|Any CPU
		{23FFB44C-EEAC-46D7-866A-8101666E05BF}.Release|Any CPU.ActiveCfg = Release|Any CPU
		{23FFB44C-EEAC-46D7-866A-8101666E05BF}.Release|Any CPU.Build.0 = Release|Any CPU
		{216CC5B0-63B0-49EC-B80C-4DCD6934DBE5}.Debug|Any CPU.ActiveCfg = Debug|Any CPU
		{216CC5B0-63B0-49EC-B80C-4DCD6934DBE5}.Debug|Any CPU.Build.0 = Debug|Any CPU
		{216CC5B0-63B0-49EC-B80C-4DCD6934DBE5}.Release|Any CPU.ActiveCfg = Release|Any CPU
		{216CC5B0-63B0-49EC-B80C-4DCD6934DBE5}.Release|Any CPU.Build.0 = Release|Any CPU
		{CAAB4C63-47CF-43C4-9EE7-3E532B60431D}.Debug|Any CPU.ActiveCfg = Debug|Any CPU
		{CAAB4C63-47CF-43C4-9EE7-3E532B60431D}.Debug|Any CPU.Build.0 = Debug|Any CPU
		{CAAB4C63-47CF-43C4-9EE7-3E532B60431D}.Release|Any CPU.ActiveCfg = Release|Any CPU
		{CAAB4C63-47CF-43C4-9EE7-3E532B60431D}.Release|Any CPU.Build.0 = Release|Any CPU
		{FCECBA27-3A52-421C-93CF-81EC654CEAAF}.Debug|Any CPU.ActiveCfg = Debug|Any CPU
		{FCECBA27-3A52-421C-93CF-81EC654CEAAF}.Debug|Any CPU.Build.0 = Debug|Any CPU
		{FCECBA27-3A52-421C-93CF-81EC654CEAAF}.Release|Any CPU.ActiveCfg = Release|Any CPU
		{FCECBA27-3A52-421C-93CF-81EC654CEAAF}.Release|Any CPU.Build.0 = Release|Any CPU
	EndGlobalSection
	GlobalSection(SolutionProperties) = preSolution
		HideSolutionNode = FALSE
	EndGlobalSection
	GlobalSection(NestedProjects) = preSolution
		{1457624E-4F7D-4210-9C4D-B70BC19E194C} = {4815CE07-CED6-4D84-945A-765FD40D4B70}
		{100580B9-E265-47CB-B3DA-4A0DB3A7C136} = {4815CE07-CED6-4D84-945A-765FD40D4B70}
		{C9D6E282-5A34-4CC4-B8E3-7E59CCEB696C} = {00293A27-E0AC-4B6C-BA00-1975D2915C60}
		{4E3574E3-62B2-42CF-B9D0-7D5A8F48C1AB} = {00293A27-E0AC-4B6C-BA00-1975D2915C60}
		{46757AAA-6EB2-413C-AC09-5FB2C4E1E239} = {00293A27-E0AC-4B6C-BA00-1975D2915C60}
		{C75898FA-7480-475F-8BA2-9AD2966B540A} = {46757AAA-6EB2-413C-AC09-5FB2C4E1E239}
		{788548EE-2A25-484E-BCD4-62E4E0294476} = {46757AAA-6EB2-413C-AC09-5FB2C4E1E239}
		{51F25C54-EB1B-4C43-9B25-35E9B89F495B} = {46757AAA-6EB2-413C-AC09-5FB2C4E1E239}
		{56C1C57C-A20E-428C-BAB1-EE987F8C8012} = {46757AAA-6EB2-413C-AC09-5FB2C4E1E239}
		{71728620-D27E-4D0B-9712-97DDF54FF172} = {C9D6E282-5A34-4CC4-B8E3-7E59CCEB696C}
		{3B991EA3-9F82-47BB-BD68-F09194147969} = {C9D6E282-5A34-4CC4-B8E3-7E59CCEB696C}
		{F353BF1F-3F1B-47F2-9781-7CEBDF11B925} = {C9D6E282-5A34-4CC4-B8E3-7E59CCEB696C}
		{9E0BEB72-C727-4189-B1D5-5C95AECBB785} = {C9D6E282-5A34-4CC4-B8E3-7E59CCEB696C}
		{76429A57-FAB3-ABA1-D507-C1BAEFF98813} = {100580B9-E265-47CB-B3DA-4A0DB3A7C136}
		{02EA681E-C7D8-13C7-8484-4AC65E1B71E8} = {00293A27-E0AC-4B6C-BA00-1975D2915C60}
		{659F857D-963E-4157-9146-52C8670F40A4} = {02EA681E-C7D8-13C7-8484-4AC65E1B71E8}
		{A2F84CF0-1BB0-4B3B-AB93-2CFDB336B48A} = {02EA681E-C7D8-13C7-8484-4AC65E1B71E8}
		{16874B42-E847-467B-8D8E-5D586FD34435} = {02EA681E-C7D8-13C7-8484-4AC65E1B71E8}
		{CB49952B-A068-4198-A0D2-347574D17504} = {02EA681E-C7D8-13C7-8484-4AC65E1B71E8}
		{5E08A633-874E-43D6-B595-CE94A22BEBF5} = {00293A27-E0AC-4B6C-BA00-1975D2915C60}
		{511B1C7B-51BA-D863-BD0B-A04043C3E6D6} = {5E08A633-874E-43D6-B595-CE94A22BEBF5}
		{28764E1D-AD9D-C94D-AFF4-CD0AB7930F1D} = {5E08A633-874E-43D6-B595-CE94A22BEBF5}
		{91E52969-3DBD-8EDD-8FCD-AA2608FDC081} = {5E08A633-874E-43D6-B595-CE94A22BEBF5}
		{47F7170C-E578-4726-32A9-364127DC37D4} = {5E08A633-874E-43D6-B595-CE94A22BEBF5}
		{23FFB44C-EEAC-46D7-866A-8101666E05BF} = {4D8C4F34-2361-490E-AC3F-EFA8AED667E0}
		{4D8C4F34-2361-490E-AC3F-EFA8AED667E0} = {00293A27-E0AC-4B6C-BA00-1975D2915C60}
		{216CC5B0-63B0-49EC-B80C-4DCD6934DBE5} = {4D8C4F34-2361-490E-AC3F-EFA8AED667E0}
		{CAAB4C63-47CF-43C4-9EE7-3E532B60431D} = {4D8C4F34-2361-490E-AC3F-EFA8AED667E0}
		{FCECBA27-3A52-421C-93CF-81EC654CEAAF} = {4D8C4F34-2361-490E-AC3F-EFA8AED667E0}
	EndGlobalSection
	GlobalSection(ExtensibilityGlobals) = postSolution
		SolutionGuid = {AD08F26D-DEEA-4DF8-89F2-7D46444A79BC}
	EndGlobalSection
EndGlobal
