
Microsoft Visual Studio Solution File, Format Version 12.00
# Visual Studio Version 17
VisualStudioVersion = 17.10.35827.194
MinimumVisualStudioVersion = 10.0.40219.1
Project("{2150E333-8FDC-42A3-9474-1A3956D46DE8}") = "src", "src", "{00293A27-E0AC-4B6C-BA00-1975D2915C60}"
EndProject
Project("{2150E333-8FDC-42A3-9474-1A3956D46DE8}") = "Test", "Test", "{4815CE07-CED6-4D84-945A-765FD40D4B70}"
EndProject
Project("{2150E333-8FDC-42A3-9474-1A3956D46DE8}") = "EndToEndTests", "EndToEndTests", "{1457624E-4F7D-4210-9C4D-B70BC19E194C}"
EndProject
Project("{2150E333-8FDC-42A3-9474-1A3956D46DE8}") = "IntegrationTests", "IntegrationTests", "{100580B9-E265-47CB-B3DA-4A0DB3A7C136}"
EndProject
Project("{2150E333-8FDC-42A3-9474-1A3956D46DE8}") = "GeneralModule", "GeneralModule", "{C9D6E282-5A34-4CC4-B8E3-7E59CCEB696C}"
EndProject
Project("{9A19103F-16F7-4668-BE54-9A1E7A4F7556}") = "NGErp.API", "Src\API\API\NGErp.API.csproj", "{4E3574E3-62B2-42CF-B9D0-7D5A8F48C1AB}"
EndProject
Project("{2150E333-8FDC-42A3-9474-1A3956D46DE8}") = "BaseModule", "BaseModule", "{46757AAA-6EB2-413C-AC09-5FB2C4E1E239}"
EndProject
Project("{FAE04EC0-301F-11D3-BF4B-00C04F79EFBC}") = "NGErp.Base.Service", "Src\BaseModule\Base.Service\NGErp.Base.Service.csproj", "{C75898FA-7480-475F-8BA2-9AD2966B540A}"
EndProject
Project("{FAE04EC0-301F-11D3-BF4B-00C04F79EFBC}") = "NGErp.Base.Domain", "Src\BaseModule\Base.Domain\NGErp.Base.Domain.csproj", "{788548EE-2A25-484E-BCD4-62E4E0294476}"
EndProject
Project("{FAE04EC0-301F-11D3-BF4B-00C04F79EFBC}") = "NGErp.Base.Infrastructure", "Src\BaseModule\Base.Infrastructure\NGErp.Base.Infrastructure.csproj", "{51F25C54-EB1B-4C43-9B25-35E9B89F495B}"
EndProject
Project("{FAE04EC0-301F-11D3-BF4B-00C04F79EFBC}") = "NGErp.Base.API", "Src\BaseModule\Base.API\NGErp.Base.API.csproj", "{56C1C57C-A20E-428C-BAB1-EE987F8C8012}"
EndProject
Project("{FAE04EC0-301F-11D3-BF4B-00C04F79EFBC}") = "NGErp.General.API", "Src\GeneralModule\General.API\NGErp.General.API.csproj", "{71728620-D27E-4D0B-9712-97DDF54FF172}"
EndProject
Project("{FAE04EC0-301F-11D3-BF4B-00C04F79EFBC}") = "NGErp.General.Domain", "Src\GeneralModule\General.Domain\NGErp.General.Domain.csproj", "{3B991EA3-9F82-47BB-BD68-F09194147969}"
EndProject
Project("{FAE04EC0-301F-11D3-BF4B-00C04F79EFBC}") = "NGErp.General.Infrastructure", "Src\GeneralModule\General.Infrastructure\NGErp.General.Infrastructure.csproj", "{F353BF1F-3F1B-47F2-9781-7CEBDF11B925}"
EndProject
Project("{FAE04EC0-301F-11D3-BF4B-00C04F79EFBC}") = "NGErp.General.Service", "Src\GeneralModule\General.Service\NGErp.General.Service.csproj", "{9E0BEB72-C727-4189-B1D5-5C95AECBB785}"
EndProject
Project("{FAE04EC0-301F-11D3-BF4B-00C04F79EFBC}") = "NGErp.PythonIntegration.Tests", "Src\IntegrationTests\PythonIntegration.Tests\NGErp.PythonIntegration.Tests.csproj", "{76429A57-FAB3-ABA1-D507-C1BAEFF98813}"
EndProject
Global
	GlobalSection(SolutionConfigurationPlatforms) = preSolution
		Debug|Any CPU = Debug|Any CPU
		Release|Any CPU = Release|Any CPU
	EndGlobalSection
	GlobalSection(ProjectConfigurationPlatforms) = postSolution
		{4E3574E3-62B2-42CF-B9D0-7D5A8F48C1AB}.Debug|Any CPU.ActiveCfg = Debug|Any CPU
		{4E3574E3-62B2-42CF-B9D0-7D5A8F48C1AB}.Debug|Any CPU.Build.0 = Debug|Any CPU
		{4E3574E3-62B2-42CF-B9D0-7D5A8F48C1AB}.Release|Any CPU.ActiveCfg = Release|Any CPU
		{4E3574E3-62B2-42CF-B9D0-7D5A8F48C1AB}.Release|Any CPU.Build.0 = Release|Any CPU
		{C75898FA-7480-475F-8BA2-9AD2966B540A}.Debug|Any CPU.ActiveCfg = Debug|Any CPU
		{C75898FA-7480-475F-8BA2-9AD2966B540A}.Debug|Any CPU.Build.0 = Debug|Any CPU
		{C75898FA-7480-475F-8BA2-9AD2966B540A}.Release|Any CPU.ActiveCfg = Release|Any CPU
		{C75898FA-7480-475F-8BA2-9AD2966B540A}.Release|Any CPU.Build.0 = Release|Any CPU
		{788548EE-2A25-484E-BCD4-62E4E0294476}.Debug|Any CPU.ActiveCfg = Debug|Any CPU
		{788548EE-2A25-484E-BCD4-62E4E0294476}.Debug|Any CPU.Build.0 = Debug|Any CPU
		{788548EE-2A25-484E-BCD4-62E4E0294476}.Release|Any CPU.ActiveCfg = Release|Any CPU
		{788548EE-2A25-484E-BCD4-62E4E0294476}.Release|Any CPU.Build.0 = Release|Any CPU
		{51F25C54-EB1B-4C43-9B25-35E9B89F495B}.Debug|Any CPU.ActiveCfg = Debug|Any CPU
		{51F25C54-EB1B-4C43-9B25-35E9B89F495B}.Debug|Any CPU.Build.0 = Debug|Any CPU
		{51F25C54-EB1B-4C43-9B25-35E9B89F495B}.Release|Any CPU.ActiveCfg = Release|Any CPU
		{51F25C54-EB1B-4C43-9B25-35E9B89F495B}.Release|Any CPU.Build.0 = Release|Any CPU
		{56C1C57C-A20E-428C-BAB1-EE987F8C8012}.Debug|Any CPU.ActiveCfg = Debug|Any CPU
		{56C1C57C-A20E-428C-BAB1-EE987F8C8012}.Debug|Any CPU.Build.0 = Debug|Any CPU
		{56C1C57C-A20E-428C-BAB1-EE987F8C8012}.Release|Any CPU.ActiveCfg = Release|Any CPU
		{56C1C57C-A20E-428C-BAB1-EE987F8C8012}.Release|Any CPU.Build.0 = Release|Any CPU
		{71728620-D27E-4D0B-9712-97DDF54FF172}.Debug|Any CPU.ActiveCfg = Debug|Any CPU
		{71728620-D27E-4D0B-9712-97DDF54FF172}.Debug|Any CPU.Build.0 = Debug|Any CPU
		{71728620-D27E-4D0B-9712-97DDF54FF172}.Release|Any CPU.ActiveCfg = Release|Any CPU
		{71728620-D27E-4D0B-9712-97DDF54FF172}.Release|Any CPU.Build.0 = Release|Any CPU
		{3B991EA3-9F82-47BB-BD68-F09194147969}.Debug|Any CPU.ActiveCfg = Debug|Any CPU
		{3B991EA3-9F82-47BB-BD68-F09194147969}.Debug|Any CPU.Build.0 = Debug|Any CPU
		{3B991EA3-9F82-47BB-BD68-F09194147969}.Release|Any CPU.ActiveCfg = Release|Any CPU
		{3B991EA3-9F82-47BB-BD68-F09194147969}.Release|Any CPU.Build.0 = Release|Any CPU
		{F353BF1F-3F1B-47F2-9781-7CEBDF11B925}.Debug|Any CPU.ActiveCfg = Debug|Any CPU
		{F353BF1F-3F1B-47F2-9781-7CEBDF11B925}.Debug|Any CPU.Build.0 = Debug|Any CPU
		{F353BF1F-3F1B-47F2-9781-7CEBDF11B925}.Release|Any CPU.ActiveCfg = Release|Any CPU
		{F353BF1F-3F1B-47F2-9781-7CEBDF11B925}.Release|Any CPU.Build.0 = Release|Any CPU
		{9E0BEB72-C727-4189-B1D5-5C95AECBB785}.Debug|Any CPU.ActiveCfg = Debug|Any CPU
		{9E0BEB72-C727-4189-B1D5-5C95AECBB785}.Debug|Any CPU.Build.0 = Debug|Any CPU
		{9E0BEB72-C727-4189-B1D5-5C95AECBB785}.Release|Any CPU.ActiveCfg = Release|Any CPU
		{9E0BEB72-C727-4189-B1D5-5C95AECBB785}.Release|Any CPU.Build.0 = Release|Any CPU
		{76429A57-FAB3-ABA1-D507-C1BAEFF98813}.Debug|Any CPU.ActiveCfg = Debug|Any CPU
		{76429A57-FAB3-ABA1-D507-C1BAEFF98813}.Debug|Any CPU.Build.0 = Debug|Any CPU
		{76429A57-FAB3-ABA1-D507-C1BAEFF98813}.Release|Any CPU.ActiveCfg = Release|Any CPU
		{76429A57-FAB3-ABA1-D507-C1BAEFF98813}.Release|Any CPU.Build.0 = Release|Any CPU
	EndGlobalSection
	GlobalSection(SolutionProperties) = preSolution
		HideSolutionNode = FALSE
	EndGlobalSection
	GlobalSection(NestedProjects) = preSolution
		{1457624E-4F7D-4210-9C4D-B70BC19E194C} = {4815CE07-CED6-4D84-945A-765FD40D4B70}
		{100580B9-E265-47CB-B3DA-4A0DB3A7C136} = {4815CE07-CED6-4D84-945A-765FD40D4B70}
		{C9D6E282-5A34-4CC4-B8E3-7E59CCEB696C} = {00293A27-E0AC-4B6C-BA00-1975D2915C60}
		{4E3574E3-62B2-42CF-B9D0-7D5A8F48C1AB} = {00293A27-E0AC-4B6C-BA00-1975D2915C60}
		{46757AAA-6EB2-413C-AC09-5FB2C4E1E239} = {00293A27-E0AC-4B6C-BA00-1975D2915C60}
		{C75898FA-7480-475F-8BA2-9AD2966B540A} = {46757AAA-6EB2-413C-AC09-5FB2C4E1E239}
		{788548EE-2A25-484E-BCD4-62E4E0294476} = {46757AAA-6EB2-413C-AC09-5FB2C4E1E239}
		{51F25C54-EB1B-4C43-9B25-35E9B89F495B} = {46757AAA-6EB2-413C-AC09-5FB2C4E1E239}
		{56C1C57C-A20E-428C-BAB1-EE987F8C8012} = {46757AAA-6EB2-413C-AC09-5FB2C4E1E239}
		{71728620-D27E-4D0B-9712-97DDF54FF172} = {C9D6E282-5A34-4CC4-B8E3-7E59CCEB696C}
		{3B991EA3-9F82-47BB-BD68-F09194147969} = {C9D6E282-5A34-4CC4-B8E3-7E59CCEB696C}
		{F353BF1F-3F1B-47F2-9781-7CEBDF11B925} = {C9D6E282-5A34-4CC4-B8E3-7E59CCEB696C}
		{9E0BEB72-C727-4189-B1D5-5C95AECBB785} = {C9D6E282-5A34-4CC4-B8E3-7E59CCEB696C}
		{76429A57-FAB3-ABA1-D507-C1BAEFF98813} = {100580B9-E265-47CB-B3DA-4A0DB3A7C136}
	EndGlobalSection
	GlobalSection(ExtensibilityGlobals) = postSolution
		SolutionGuid = {AD08F26D-DEEA-4DF8-89F2-7D46444A79BC}
	EndGlobalSection
EndGlobal
